
Microsoft Visual Studio Solution File, Format Version 11.00
# Visual Studio 2010
Project("{FAE04EC0-301F-11D3-BF4B-00C04F79EFBC}") = "weeks05", "weeks05.csproj", "{9928A089-82C6-4CDB-BB68-FFC003924F32}"
EndProject
Global
	GlobalSection(SolutionConfigurationPlatforms) = preSolution
		Debug|x86 = Debug|x86
		Release|x86 = Release|x86
	EndGlobalSection
	GlobalSection(ProjectConfigurationPlatforms) = postSolution
		{9928A089-82C6-4CDB-BB68-FFC003924F32}.Debug|x86.ActiveCfg = Debug|x86
		{9928A089-82C6-4CDB-BB68-FFC003924F32}.Debug|x86.Build.0 = Debug|x86
		{9928A089-82C6-4CDB-BB68-FFC003924F32}.Release|x86.ActiveCfg = Release|x86
		{9928A089-82C6-4CDB-BB68-FFC003924F32}.Release|x86.Build.0 = Release|x86
	EndGlobalSection
	GlobalSection(MonoDevelopProperties) = preSolution
		StartupItem = weeks05.csproj
	EndGlobalSection
EndGlobal
